
Microsoft Visual Studio Solution File, Format Version 12.00
# Visual Studio Version 16
VisualStudioVersion = 16.0.31424.327
MinimumVisualStudioVersion = 10.0.40219.1
Project("{FAE04EC0-301F-11D3-BF4B-00C04F79EFBC}") = "DataStructure", "DataStructure.csproj", "{EF389E29-A5DD-412B-963D-8D1F74541F54}"
EndProject
Global
	GlobalSection(SolutionConfigurationPlatforms) = preSolution
		Debug|Any CPU = Debug|Any CPU
		Release|Any CPU = Release|Any CPU
	EndGlobalSection
	GlobalSection(ProjectConfigurationPlatforms) = postSolution
		{EF389E29-A5DD-412B-963D-8D1F74541F54}.Debug|Any CPU.ActiveCfg = Debug|Any CPU
		{EF389E29-A5DD-412B-963D-8D1F74541F54}.Debug|Any CPU.Build.0 = Debug|Any CPU
		{EF389E29-A5DD-412B-963D-8D1F74541F54}.Release|Any CPU.ActiveCfg = Release|Any CPU
		{EF389E29-A5DD-412B-963D-8D1F74541F54}.Release|Any CPU.Build.0 = Release|Any CPU
	EndGlobalSection
	GlobalSection(SolutionProperties) = preSolution
		HideSolutionNode = FALSE
	EndGlobalSection
	GlobalSection(ExtensibilityGlobals) = postSolution
		SolutionGuid = {5CD7DEB4-5CBC-4C2B-A278-243F59FE215E}
	EndGlobalSection
EndGlobal
